
Microsoft Visual Studio Solution File, Format Version 12.00
# Visual Studio Version 16
VisualStudioVersion = 16.0.31019.35
MinimumVisualStudioVersion = 10.0.40219.1
Project("{FAE04EC0-301F-11D3-BF4B-00C04F79EFBC}") = "AtividadeAvaliativa", "AtividadeAvaliativa.csproj", "{A0FEFDB6-E5C8-45D2-B218-6B64C264369D}"
EndProject
Global
	GlobalSection(SolutionConfigurationPlatforms) = preSolution
		Debug|Any CPU = Debug|Any CPU
		Release|Any CPU = Release|Any CPU
	EndGlobalSection
	GlobalSection(ProjectConfigurationPlatforms) = postSolution
		{A0FEFDB6-E5C8-45D2-B218-6B64C264369D}.Debug|Any CPU.ActiveCfg = Debug|Any CPU
		{A0FEFDB6-E5C8-45D2-B218-6B64C264369D}.Debug|Any CPU.Build.0 = Debug|Any CPU
		{A0FEFDB6-E5C8-45D2-B218-6B64C264369D}.Release|Any CPU.ActiveCfg = Release|Any CPU
		{A0FEFDB6-E5C8-45D2-B218-6B64C264369D}.Release|Any CPU.Build.0 = Release|Any CPU
	EndGlobalSection
	GlobalSection(SolutionProperties) = preSolution
		HideSolutionNode = FALSE
	EndGlobalSection
	GlobalSection(ExtensibilityGlobals) = postSolution
		SolutionGuid = {C52101F4-4473-458D-992A-0289D61B96AF}
	EndGlobalSection
EndGlobal
